
Microsoft Visual Studio Solution File, Format Version 12.00
# Visual Studio Version 17
VisualStudioVersion = 17.13.35931.197 d17.13
MinimumVisualStudioVersion = 10.0.40219.1
Project("{FAE04EC0-301F-11D3-BF4B-00C04F79EFBC}") = "Seminar11", "Seminar11\Seminar11.csproj", "{971E9806-9D70-4032-AA5D-49AA9F80EBC7}"
EndProject
Global
	GlobalSection(SolutionConfigurationPlatforms) = preSolution
		Debug|Any CPU = Debug|Any CPU
		Release|Any CPU = Release|Any CPU
	EndGlobalSection
	GlobalSection(ProjectConfigurationPlatforms) = postSolution
		{971E9806-9D70-4032-AA5D-49AA9F80EBC7}.Debug|Any CPU.ActiveCfg = Debug|Any CPU
		{971E9806-9D70-4032-AA5D-49AA9F80EBC7}.Debug|Any CPU.Build.0 = Debug|Any CPU
		{971E9806-9D70-4032-AA5D-49AA9F80EBC7}.Release|Any CPU.ActiveCfg = Release|Any CPU
		{971E9806-9D70-4032-AA5D-49AA9F80EBC7}.Release|Any CPU.Build.0 = Release|Any CPU
	EndGlobalSection
	GlobalSection(SolutionProperties) = preSolution
		HideSolutionNode = FALSE
	EndGlobalSection
	GlobalSection(ExtensibilityGlobals) = postSolution
		SolutionGuid = {1F5F695E-3147-4C99-A479-1E946D8A20AA}
	EndGlobalSection
EndGlobal
